
Microsoft Visual Studio Solution File, Format Version 12.00
# Visual Studio Version 16
VisualStudioVersion = 16.0.31624.102
MinimumVisualStudioVersion = 10.0.40219.1
Project("{FAE04EC0-301F-11D3-BF4B-00C04F79EFBC}") = "PruebaTecnica", "PruebaTecnica\PruebaTecnica.csproj", "{6FDE2621-A602-4F58-AD6E-60F3804D7951}"
EndProject
Global
	GlobalSection(SolutionConfigurationPlatforms) = preSolution
		Debug|Any CPU = Debug|Any CPU
		Release|Any CPU = Release|Any CPU
	EndGlobalSection
	GlobalSection(ProjectConfigurationPlatforms) = postSolution
		{6FDE2621-A602-4F58-AD6E-60F3804D7951}.Debug|Any CPU.ActiveCfg = Debug|Any CPU
		{6FDE2621-A602-4F58-AD6E-60F3804D7951}.Debug|Any CPU.Build.0 = Debug|Any CPU
		{6FDE2621-A602-4F58-AD6E-60F3804D7951}.Release|Any CPU.ActiveCfg = Release|Any CPU
		{6FDE2621-A602-4F58-AD6E-60F3804D7951}.Release|Any CPU.Build.0 = Release|Any CPU
	EndGlobalSection
	GlobalSection(SolutionProperties) = preSolution
		HideSolutionNode = FALSE
	EndGlobalSection
	GlobalSection(ExtensibilityGlobals) = postSolution
		SolutionGuid = {DB0FDB66-682C-46B4-B3DB-F1982F2328A8}
	EndGlobalSection
EndGlobal
